
Microsoft Visual Studio Solution File, Format Version 12.00
# Visual Studio Version 17
VisualStudioVersion = 17.13.35931.197 d17.13
MinimumVisualStudioVersion = 10.0.40219.1
Project("{FAE04EC0-301F-11D3-BF4B-00C04F79EFBC}") = "WebApplication20", "WebApplication20\WebApplication20.csproj", "{B6FDAF10-D450-40D1-B7AB-3DFB1609723C}"
EndProject
Global
	GlobalSection(SolutionConfigurationPlatforms) = preSolution
		Debug|Any CPU = Debug|Any CPU
		Release|Any CPU = Release|Any CPU
	EndGlobalSection
	GlobalSection(ProjectConfigurationPlatforms) = postSolution
		{B6FDAF10-D450-40D1-B7AB-3DFB1609723C}.Debug|Any CPU.ActiveCfg = Debug|Any CPU
		{B6FDAF10-D450-40D1-B7AB-3DFB1609723C}.Debug|Any CPU.Build.0 = Debug|Any CPU
		{B6FDAF10-D450-40D1-B7AB-3DFB1609723C}.Release|Any CPU.ActiveCfg = Release|Any CPU
		{B6FDAF10-D450-40D1-B7AB-3DFB1609723C}.Release|Any CPU.Build.0 = Release|Any CPU
	EndGlobalSection
	GlobalSection(SolutionProperties) = preSolution
		HideSolutionNode = FALSE
	EndGlobalSection
	GlobalSection(ExtensibilityGlobals) = postSolution
		SolutionGuid = {122699F2-AEE1-4E64-80FC-AEF7959432CB}
	EndGlobalSection
EndGlobal
